
Microsoft Visual Studio Solution File, Format Version 12.00
# Visual Studio Version 17
VisualStudioVersion = 17.7.34018.315
MinimumVisualStudioVersion = 10.0.40219.1
Project("{9A19103F-16F7-4668-BE54-9A1E7A4F7556}") = "FilmesApi", "FilmesApi\FilmesApi.csproj", "{67556244-69B4-4C80-B384-28D14C4ABBCA}"
EndProject
Global
	GlobalSection(SolutionConfigurationPlatforms) = preSolution
		Debug|Any CPU = Debug|Any CPU
		Release|Any CPU = Release|Any CPU
	EndGlobalSection
	GlobalSection(ProjectConfigurationPlatforms) = postSolution
		{67556244-69B4-4C80-B384-28D14C4ABBCA}.Debug|Any CPU.ActiveCfg = Debug|Any CPU
		{67556244-69B4-4C80-B384-28D14C4ABBCA}.Debug|Any CPU.Build.0 = Debug|Any CPU
		{67556244-69B4-4C80-B384-28D14C4ABBCA}.Release|Any CPU.ActiveCfg = Release|Any CPU
		{67556244-69B4-4C80-B384-28D14C4ABBCA}.Release|Any CPU.Build.0 = Release|Any CPU
	EndGlobalSection
	GlobalSection(SolutionProperties) = preSolution
		HideSolutionNode = FALSE
	EndGlobalSection
	GlobalSection(ExtensibilityGlobals) = postSolution
		SolutionGuid = {4A7B97A1-DFFD-4AD2-A303-448D0F86C7A8}
	EndGlobalSection
EndGlobal
